// !$*UTF8*$!
{
	archiveVersion = 1;
	classes = {
	};
	objectVersion = 53;
	objects = {

/* Begin PBXBuildFile section */
		2FD5EF4C2DF46CEB006717F9 /* AppDelegate.m in Sources */ = {isa = PBXBuildFile; fileRef = 2FD5EF4B2DF46CEB006717F9 /* AppDelegate.m */; };
		2FD5EF572DF46CEC006717F9 /* Assets.xcassets in Resources */ = {isa = PBXBuildFile; fileRef = 2FD5EF562DF46CEC006717F9 /* Assets.xcassets */; };
		2FD5EF5D2DF46CEC006717F9 /* main.m in Sources */ = {isa = PBXBuildFile; fileRef = 2FD5EF5C2DF46CEC006717F9 /* main.m */; };
		2FD5EF6C2DF46DE3006717F9 /* util.c in Sources */ = {isa = PBXBuildFile; fileRef = 2FD5EF642DF46DE3006717F9 /* util.c */; };
		2FD5EF6D2DF46DE3006717F9 /* memory.c in Sources */ = {isa = PBXBuildFile; fileRef = 2FD5EF672DF46DE3006717F9 /* memory.c */; };
		2FD5EF6E2DF46DE3006717F9 /* hid.c in Sources */ = {isa = PBXBuildFile; fileRef = 2FD5EF682DF46DE3006717F9 /* hid.c */; };
		2FD5EF6F2DF46DE3006717F9 /* exploit.c in Sources */ = {isa = PBXBuildFile; fileRef = 2FD5EF6A2DF46DE3006717F9 /* exploit.c */; };
		2FD5EF712DF46EE0006717F9 /* IOKit.framework in Frameworks */ = {isa = PBXBuildFile; fileRef = 2FD5EF702DF46EE0006717F9 /* IOKit.framework */; };
/* End PBXBuildFile section */

/* Begin PBXFileReference section */
		2FD5EF472DF46CEB006717F9 /* bad_queue_app.app */ = {isa = PBXFileReference; explicitFileType = wrapper.application; includeInIndex = 0; path = bad_queue_app.app; sourceTree = BUILT_PRODUCTS_DIR; };
		2FD5EF4A2DF46CEB006717F9 /* AppDelegate.h */ = {isa = PBXFileReference; lastKnownFileType = sourcecode.c.h; path = AppDelegate.h; sourceTree = "<group>"; };
		2FD5EF4B2DF46CEB006717F9 /* AppDelegate.m */ = {isa = PBXFileReference; lastKnownFileType = sourcecode.c.objc; path = AppDelegate.m; sourceTree = "<group>"; };
		2FD5EF562DF46CEC006717F9 /* Assets.xcassets */ = {isa = PBXFileReference; lastKnownFileType = folder.assetcatalog; path = Assets.xcassets; sourceTree = "<group>"; };
		2FD5EF5B2DF46CEC006717F9 /* Info.plist */ = {isa = PBXFileReference; lastKnownFileType = text.plist.xml; path = Info.plist; sourceTree = "<group>"; };
		2FD5EF5C2DF46CEC006717F9 /* main.m */ = {isa = PBXFileReference; lastKnownFileType = sourcecode.c.objc; path = main.m; sourceTree = "<group>"; };
		2FD5EF642DF46DE3006717F9 /* util.c */ = {isa = PBXFileReference; fileEncoding = 4; lastKnownFileType = sourcecode.c.c; path = util.c; sourceTree = "<group>"; };
		2FD5EF652DF46DE3006717F9 /* exploit.h */ = {isa = PBXFileReference; fileEncoding = 4; lastKnownFileType = sourcecode.c.h; path = exploit.h; sourceTree = "<group>"; };
		2FD5EF662DF46DE3006717F9 /* hid.h */ = {isa = PBXFileReference; fileEncoding = 4; lastKnownFileType = sourcecode.c.h; path = hid.h; sourceTree = "<group>"; };
		2FD5EF672DF46DE3006717F9 /* memory.c */ = {isa = PBXFileReference; fileEncoding = 4; lastKnownFileType = sourcecode.c.c; path = memory.c; sourceTree = "<group>"; };
		2FD5EF682DF46DE3006717F9 /* hid.c */ = {isa = PBXFileReference; fileEncoding = 4; lastKnownFileType = sourcecode.c.c; path = hid.c; sourceTree = "<group>"; };
		2FD5EF692DF46DE3006717F9 /* memory.h */ = {isa = PBXFileReference; fileEncoding = 4; lastKnownFileType = sourcecode.c.h; path = memory.h; sourceTree = "<group>"; };
		2FD5EF6A2DF46DE3006717F9 /* exploit.c */ = {isa = PBXFileReference; fileEncoding = 4; lastKnownFileType = sourcecode.c.c; path = exploit.c; sourceTree = "<group>"; };
		2FD5EF6B2DF46DE3006717F9 /* util.h */ = {isa = PBXFileReference; fileEncoding = 4; lastKnownFileType = sourcecode.c.h; path = util.h; sourceTree = "<group>"; };
		2FD5EF702DF46EE0006717F9 /* IOKit.framework */ = {isa = PBXFileReference; lastKnownFileType = wrapper.framework; path = IOKit.framework; sourceTree = "<group>"; };
/* End PBXFileReference section */

/* Begin PBXFrameworksBuildPhase section */
		2FD5EF442DF46CEB006717F9 /* Frameworks */ = {
			isa = PBXFrameworksBuildPhase;
			buildActionMask = 2147483647;
			files = (
				2FD5EF712DF46EE0006717F9 /* IOKit.framework in Frameworks */,
			);
			runOnlyForDeploymentPostprocessing = 0;
		};
/* End PBXFrameworksBuildPhase section */

/* Begin PBXGroup section */
		2FD5EF3E2DF46CEB006717F9 = {
			isa = PBXGroup;
			children = (
				2FD5EF492DF46CEB006717F9 /* bad_queue_app */,
				2FD5EF482DF46CEB006717F9 /* Products */,
			);
			sourceTree = "<group>";
		};
		2FD5EF482DF46CEB006717F9 /* Products */ = {
			isa = PBXGroup;
			children = (
				2FD5EF472DF46CEB006717F9 /* bad_queue_app.app */,
			);
			name = Products;
			sourceTree = "<group>";
		};
		2FD5EF492DF46CEB006717F9 /* bad_queue_app */ = {
			isa = PBXGroup;
			children = (
				2FD5EF632DF46DDC006717F9 /* exploit */,
				2FD5EF4A2DF46CEB006717F9 /* AppDelegate.h */,
				2FD5EF4B2DF46CEB006717F9 /* AppDelegate.m */,
				2FD5EF562DF46CEC006717F9 /* Assets.xcassets */,
				2FD5EF5B2DF46CEC006717F9 /* Info.plist */,
				2FD5EF5C2DF46CEC006717F9 /* main.m */,
				2FD5EF702DF46EE0006717F9 /* IOKit.framework */,
			);
			path = bad_queue_app;
			sourceTree = "<group>";
		};
		2FD5EF632DF46DDC006717F9 /* exploit */ = {
			isa = PBXGroup;
			children = (
				2FD5EF6A2DF46DE3006717F9 /* exploit.c */,
				2FD5EF652DF46DE3006717F9 /* exploit.h */,
				2FD5EF682DF46DE3006717F9 /* hid.c */,
				2FD5EF662DF46DE3006717F9 /* hid.h */,
				2FD5EF672DF46DE3006717F9 /* memory.c */,
				2FD5EF692DF46DE3006717F9 /* memory.h */,
				2FD5EF642DF46DE3006717F9 /* util.c */,
				2FD5EF6B2DF46DE3006717F9 /* util.h */,
			);
			path = exploit;
			sourceTree = "<group>";
		};
/* End PBXGroup section */

/* Begin PBXNativeTarget section */
		2FD5EF462DF46CEB006717F9 /* bad_queue_app */ = {
			isa = PBXNativeTarget;
			buildConfigurationList = 2FD5EF602DF46CEC006717F9 /* Build configuration list for PBXNativeTarget "bad_queue_app" */;
			buildPhases = (
				2FD5EF432DF46CEB006717F9 /* Sources */,
				2FD5EF442DF46CEB006717F9 /* Frameworks */,
				2FD5EF452DF46CEB006717F9 /* Resources */,
			);
			buildRules = (
			);
			dependencies = (
			);
			name = bad_queue_app;
			productName = bad_queue_app;
			productReference = 2FD5EF472DF46CEB006717F9 /* bad_queue_app.app */;
			productType = "com.apple.product-type.application";
		};
/* End PBXNativeTarget section */

/* Begin PBXProject section */
		2FD5EF3F2DF46CEB006717F9 /* Project object */ = {
			isa = PBXProject;
			attributes = {
				BuildIndependentTargetsInParallel = 1;
				LastUpgradeCheck = 1340;
				TargetAttributes = {
					2FD5EF462DF46CEB006717F9 = {
						CreatedOnToolsVersion = 13.4.1;
					};
				};
			};
			buildConfigurationList = 2FD5EF422DF46CEB006717F9 /* Build configuration list for PBXProject "bad_queue_app" */;
			compatibilityVersion = "Xcode 8.0";
			developmentRegion = en;
			hasScannedForEncodings = 0;
			knownRegions = (
				en,
				Base,
			);
			mainGroup = 2FD5EF3E2DF46CEB006717F9;
			productRefGroup = 2FD5EF482DF46CEB006717F9 /* Products */;
			projectDirPath = "";
			projectRoot = "";
			targets = (
				2FD5EF462DF46CEB006717F9 /* bad_queue_app */,
			);
		};
/* End PBXProject section */

/* Begin PBXResourcesBuildPhase section */
		2FD5EF452DF46CEB006717F9 /* Resources */ = {
			isa = PBXResourcesBuildPhase;
			buildActionMask = 2147483647;
			files = (
				2FD5EF572DF46CEC006717F9 /* Assets.xcassets in Resources */,
			);
			runOnlyForDeploymentPostprocessing = 0;
		};
/* End PBXResourcesBuildPhase section */

/* Begin PBXSourcesBuildPhase section */
		2FD5EF432DF46CEB006717F9 /* Sources */ = {
			isa = PBXSourcesBuildPhase;
			buildActionMask = 2147483647;
			files = (
				2FD5EF6C2DF46DE3006717F9 /* util.c in Sources */,
				2FD5EF6D2DF46DE3006717F9 /* memory.c in Sources */,
				2FD5EF6E2DF46DE3006717F9 /* hid.c in Sources */,
				2FD5EF4C2DF46CEB006717F9 /* AppDelegate.m in Sources */,
				2FD5EF5D2DF46CEC006717F9 /* main.m in Sources */,
				2FD5EF6F2DF46DE3006717F9 /* exploit.c in Sources */,
			);
			runOnlyForDeploymentPostprocessing = 0;
		};
/* End PBXSourcesBuildPhase section */

/* Begin XCBuildConfiguration section */
		2FD5EF5E2DF46CEC006717F9 /* Debug */ = {
			isa = XCBuildConfiguration;
			buildSettings = {
				ALWAYS_SEARCH_USER_PATHS = NO;
				CLANG_ANALYZER_NONNULL = YES;
				CLANG_ANALYZER_NUMBER_OBJECT_CONVERSION = YES_AGGRESSIVE;
				CLANG_CXX_LANGUAGE_STANDARD = "gnu++17";
				CLANG_ENABLE_MODULES = YES;
				CLANG_ENABLE_OBJC_ARC = YES;
				CLANG_ENABLE_OBJC_WEAK = YES;
				CLANG_WARN_BLOCK_CAPTURE_AUTORELEASING = YES;
				CLANG_WARN_BOOL_CONVERSION = YES;
				CLANG_WARN_COMMA = YES;
				CLANG_WARN_CONSTANT_CONVERSION = YES;
				CLANG_WARN_DEPRECATED_OBJC_IMPLEMENTATIONS = YES;
				CLANG_WARN_DIRECT_OBJC_ISA_USAGE = YES_ERROR;
				CLANG_WARN_DOCUMENTATION_COMMENTS = YES;
				CLANG_WARN_EMPTY_BODY = YES;
				CLANG_WARN_ENUM_CONVERSION = YES;
				CLANG_WARN_INFINITE_RECURSION = YES;
				CLANG_WARN_INT_CONVERSION = YES;
				CLANG_WARN_NON_LITERAL_NULL_CONVERSION = YES;
				CLANG_WARN_OBJC_IMPLICIT_RETAIN_SELF = YES;
				CLANG_WARN_OBJC_LITERAL_CONVERSION = YES;
				CLANG_WARN_OBJC_ROOT_CLASS = YES_ERROR;
				CLANG_WARN_QUOTED_INCLUDE_IN_FRAMEWORK_HEADER = YES;
				CLANG_WARN_RANGE_LOOP_ANALYSIS = YES;
				CLANG_WARN_STRICT_PROTOTYPES = YES;
				CLANG_WARN_SUSPICIOUS_MOVE = YES;
				CLANG_WARN_UNGUARDED_AVAILABILITY = YES_AGGRESSIVE;
				CLANG_WARN_UNREACHABLE_CODE = YES;
				CLANG_WARN__DUPLICATE_METHOD_MATCH = YES;
				COPY_PHASE_STRIP = NO;
				DEBUG_INFORMATION_FORMAT = dwarf;
				ENABLE_STRICT_OBJC_MSGSEND = YES;
				ENABLE_TESTABILITY = YES;
				GCC_C_LANGUAGE_STANDARD = gnu11;
				GCC_DYNAMIC_NO_PIC = NO;
				GCC_NO_COMMON_BLOCKS = YES;
				GCC_OPTIMIZATION_LEVEL = 0;
				GCC_PREPROCESSOR_DEFINITIONS = (
					"DEBUG=1",
					"$(inherited)",
				);
				GCC_WARN_64_TO_32_BIT_CONVERSION = YES;
				GCC_WARN_ABOUT_RETURN_TYPE = YES_ERROR;
				GCC_WARN_UNDECLARED_SELECTOR = YES;
				GCC_WARN_UNINITIALIZED_AUTOS = YES_AGGRESSIVE;
				GCC_WARN_UNUSED_FUNCTION = YES;
				GCC_WARN_UNUSED_VARIABLE = YES;
				IPHONEOS_DEPLOYMENT_TARGET = 15.5;
				MTL_ENABLE_DEBUG_INFO = INCLUDE_SOURCE;
				MTL_FAST_MATH = YES;
				ONLY_ACTIVE_ARCH = YES;
				SDKROOT = iphoneos;
			};
			name = Debug;
		};
		2FD5EF5F2DF46CEC006717F9 /* Release */ = {
			isa = XCBuildConfiguration;
			buildSettings = {
				ALWAYS_SEARCH_USER_PATHS = NO;
				CLANG_ANALYZER_NONNULL = YES;
				CLANG_ANALYZER_NUMBER_OBJECT_CONVERSION = YES_AGGRESSIVE;
				CLANG_CXX_LANGUAGE_STANDARD = "gnu++17";
				CLANG_ENABLE_MODULES = YES;
				CLANG_ENABLE_OBJC_ARC = YES;
				CLANG_ENABLE_OBJC_WEAK = YES;
				CLANG_WARN_BLOCK_CAPTURE_AUTORELEASING = YES;
				CLANG_WARN_BOOL_CONVERSION = YES;
				CLANG_WARN_COMMA = YES;
				CLANG_WARN_CONSTANT_CONVERSION = YES;
				CLANG_WARN_DEPRECATED_OBJC_IMPLEMENTATIONS = YES;
				CLANG_WARN_DIRECT_OBJC_ISA_USAGE = YES_ERROR;
				CLANG_WARN_DOCUMENTATION_COMMENTS = YES;
				CLANG_WARN_EMPTY_BODY = YES;
				CLANG_WARN_ENUM_CONVERSION = YES;
				CLANG_WARN_INFINITE_RECURSION = YES;
				CLANG_WARN_INT_CONVERSION = YES;
				CLANG_WARN_NON_LITERAL_NULL_CONVERSION = YES;
				CLANG_WARN_OBJC_IMPLICIT_RETAIN_SELF = YES;
				CLANG_WARN_OBJC_LITERAL_CONVERSION = YES;
				CLANG_WARN_OBJC_ROOT_CLASS = YES_ERROR;
				CLANG_WARN_QUOTED_INCLUDE_IN_FRAMEWORK_HEADER = YES;
				CLANG_WARN_RANGE_LOOP_ANALYSIS = YES;
				CLANG_WARN_STRICT_PROTOTYPES = YES;
				CLANG_WARN_SUSPICIOUS_MOVE = YES;
				CLANG_WARN_UNGUARDED_AVAILABILITY = YES_AGGRESSIVE;
				CLANG_WARN_UNREACHABLE_CODE = YES;
				CLANG_WARN__DUPLICATE_METHOD_MATCH = YES;
				COPY_PHASE_STRIP = NO;
				DEBUG_INFORMATION_FORMAT = "dwarf-with-dsym";
				ENABLE_NS_ASSERTIONS = NO;
				ENABLE_STRICT_OBJC_MSGSEND = YES;
				GCC_C_LANGUAGE_STANDARD = gnu11;
				GCC_NO_COMMON_BLOCKS = YES;
				GCC_WARN_64_TO_32_BIT_CONVERSION = YES;
				GCC_WARN_ABOUT_RETURN_TYPE = YES_ERROR;
				GCC_WARN_UNDECLARED_SELECTOR = YES;
				GCC_WARN_UNINITIALIZED_AUTOS = YES_AGGRESSIVE;
				GCC_WARN_UNUSED_FUNCTION = YES;
				GCC_WARN_UNUSED_VARIABLE = YES;
				IPHONEOS_DEPLOYMENT_TARGET = 15.5;
				MTL_ENABLE_DEBUG_INFO = NO;
				MTL_FAST_MATH = YES;
				SDKROOT = iphoneos;
				VALIDATE_PRODUCT = YES;
			};
			name = Release;
		};
		2FD5EF612DF46CEC006717F9 /* Debug */ = {
			isa = XCBuildConfiguration;
			buildSettings = {
				ASSETCATALOG_COMPILER_APPICON_NAME = AppIcon;
				ASSETCATALOG_COMPILER_GLOBAL_ACCENT_COLOR_NAME = AccentColor;
				CODE_SIGN_STYLE = Automatic;
				CURRENT_PROJECT_VERSION = 1;
				DEVELOPMENT_TEAM = "";
				FRAMEWORK_SEARCH_PATHS = (
					"$(inherited)",
					"$(PROJECT_DIR)/bad_queue_app",
				);
				GENERATE_INFOPLIST_FILE = YES;
				INFOPLIST_FILE = bad_queue_app/Info.plist;
				INFOPLIST_KEY_UIApplicationSupportsIndirectInputEvents = YES;
				INFOPLIST_KEY_UISupportedInterfaceOrientations_iPad = "UIInterfaceOrientationPortrait UIInterfaceOrientationPortraitUpsideDown UIInterfaceOrientationLandscapeLeft UIInterfaceOrientationLandscapeRight";
				INFOPLIST_KEY_UISupportedInterfaceOrientations_iPhone = "UIInterfaceOrientationPortrait UIInterfaceOrientationLandscapeLeft UIInterfaceOrientationLandscapeRight";
				IPHONEOS_DEPLOYMENT_TARGET = 6.0;
				LD_RUNPATH_SEARCH_PATHS = (
					"$(inherited)",
					"@executable_path/Frameworks",
				);
				MARKETING_VERSION = 1.0;
				PRODUCT_BUNDLE_IDENTIFIER = "com.staturnz.bad-queue-app";
				PRODUCT_NAME = "$(TARGET_NAME)";
				SWIFT_EMIT_LOC_STRINGS = YES;
				TARGETED_DEVICE_FAMILY = "1,2";
			};
			name = Debug;
		};
		2FD5EF622DF46CEC006717F9 /* Release */ = {
			isa = XCBuildConfiguration;
			buildSettings = {
				ASSETCATALOG_COMPILER_APPICON_NAME = AppIcon;
				ASSETCATALOG_COMPILER_GLOBAL_ACCENT_COLOR_NAME = AccentColor;
				CODE_SIGN_STYLE = Automatic;
				CURRENT_PROJECT_VERSION = 1;
				DEVELOPMENT_TEAM = S2PF676753;
				FRAMEWORK_SEARCH_PATHS = (
					"$(inherited)",
					"$(PROJECT_DIR)/bad_queue_app",
				);
				GENERATE_INFOPLIST_FILE = YES;
				INFOPLIST_FILE = bad_queue_app/Info.plist;
				INFOPLIST_KEY_UIApplicationSupportsIndirectInputEvents = YES;
				INFOPLIST_KEY_UISupportedInterfaceOrientations_iPad = "UIInterfaceOrientationPortrait UIInterfaceOrientationPortraitUpsideDown UIInterfaceOrientationLandscapeLeft UIInterfaceOrientationLandscapeRight";
				INFOPLIST_KEY_UISupportedInterfaceOrientations_iPhone = "UIInterfaceOrientationPortrait UIInterfaceOrientationLandscapeLeft UIInterfaceOrientationLandscapeRight";
				IPHONEOS_DEPLOYMENT_TARGET = 6.0;
				LD_RUNPATH_SEARCH_PATHS = (
					"$(inherited)",
					"@executable_path/Frameworks",
				);
				MARKETING_VERSION = 1.0;
				PRODUCT_BUNDLE_IDENTIFIER = "com.staturnz.bad-queue-app";
				PRODUCT_NAME = "$(TARGET_NAME)";
				SWIFT_EMIT_LOC_STRINGS = YES;
				TARGETED_DEVICE_FAMILY = "1,2";
			};
			name = Release;
		};
/* End XCBuildConfiguration section */

/* Begin XCConfigurationList section */
		2FD5EF422DF46CEB006717F9 /* Build configuration list for PBXProject "bad_queue_app" */ = {
			isa = XCConfigurationList;
			buildConfigurations = (
				2FD5EF5E2DF46CEC006717F9 /* Debug */,
				2FD5EF5F2DF46CEC006717F9 /* Release */,
			);
			defaultConfigurationIsVisible = 0;
			defaultConfigurationName = Release;
		};
		2FD5EF602DF46CEC006717F9 /* Build configuration list for PBXNativeTarget "bad_queue_app" */ = {
			isa = XCConfigurationList;
			buildConfigurations = (
				2FD5EF612DF46CEC006717F9 /* Debug */,
				2FD5EF622DF46CEC006717F9 /* Release */,
			);
			defaultConfigurationIsVisible = 0;
			defaultConfigurationName = Release;
		};
/* End XCConfigurationList section */
	};
	rootObject = 2FD5EF3F2DF46CEB006717F9 /* Project object */;
}
